
Microsoft Visual Studio Solution File, Format Version 12.00
Project("{FAE04EC0-301F-11D3-BF4B-00C04F79EFBC}") = "UE.Toolkit.Reloaded", "UE.Toolkit.Reloaded\UE.Toolkit.Reloaded.csproj", "{BFBFEA56-F6B8-4AE3-9A39-C400CDBDB282}"
EndProject
Project("{FAE04EC0-301F-11D3-BF4B-00C04F79EFBC}") = "UE.Toolkit.Interfaces", "UE.Toolkit.Interfaces\UE.Toolkit.Interfaces.csproj", "{125C835D-A892-4064-A081-5DDDD10AD434}"
EndProject
Project("{FAE04EC0-301F-11D3-BF4B-00C04F79EFBC}") = "UE.Toolkit.TestMod", "UE.Toolkit.TestMod\UE.Toolkit.TestMod.csproj", "{806DCA35-B07B-4A05-8276-F7CA3F7396C0}"
EndProject
Project("{FAE04EC0-301F-11D3-BF4B-00C04F79EFBC}") = "UE.Toolkit.DumperMod", "UE.Toolkit.DumperMod\UE.Toolkit.DumperMod.csproj", "{36696169-4F03-4488-81A9-2B9ED26B364F}"
EndProject
Project("{FAE04EC0-301F-11D3-BF4B-00C04F79EFBC}") = "UE.Toolkit.Core", "UE.Toolkit.Core\UE.Toolkit.Core.csproj", "{90482665-F6AA-4352-B074-12C75B8A2D4A}"
EndProject
Global
	GlobalSection(SolutionConfigurationPlatforms) = preSolution
		Debug|Any CPU = Debug|Any CPU
		Release|Any CPU = Release|Any CPU
	EndGlobalSection
	GlobalSection(ProjectConfigurationPlatforms) = postSolution
		{BFBFEA56-F6B8-4AE3-9A39-C400CDBDB282}.Debug|Any CPU.ActiveCfg = Debug|Any CPU
		{BFBFEA56-F6B8-4AE3-9A39-C400CDBDB282}.Debug|Any CPU.Build.0 = Debug|Any CPU
		{BFBFEA56-F6B8-4AE3-9A39-C400CDBDB282}.Release|Any CPU.ActiveCfg = Release|Any CPU
		{BFBFEA56-F6B8-4AE3-9A39-C400CDBDB282}.Release|Any CPU.Build.0 = Release|Any CPU
		{125C835D-A892-4064-A081-5DDDD10AD434}.Debug|Any CPU.ActiveCfg = Debug|Any CPU
		{125C835D-A892-4064-A081-5DDDD10AD434}.Debug|Any CPU.Build.0 = Debug|Any CPU
		{125C835D-A892-4064-A081-5DDDD10AD434}.Release|Any CPU.ActiveCfg = Release|Any CPU
		{125C835D-A892-4064-A081-5DDDD10AD434}.Release|Any CPU.Build.0 = Release|Any CPU
		{806DCA35-B07B-4A05-8276-F7CA3F7396C0}.Debug|Any CPU.ActiveCfg = Debug|Any CPU
		{806DCA35-B07B-4A05-8276-F7CA3F7396C0}.Debug|Any CPU.Build.0 = Debug|Any CPU
		{806DCA35-B07B-4A05-8276-F7CA3F7396C0}.Release|Any CPU.ActiveCfg = Release|Any CPU
		{806DCA35-B07B-4A05-8276-F7CA3F7396C0}.Release|Any CPU.Build.0 = Release|Any CPU
		{36696169-4F03-4488-81A9-2B9ED26B364F}.Debug|Any CPU.ActiveCfg = Debug|Any CPU
		{36696169-4F03-4488-81A9-2B9ED26B364F}.Debug|Any CPU.Build.0 = Debug|Any CPU
		{36696169-4F03-4488-81A9-2B9ED26B364F}.Release|Any CPU.ActiveCfg = Release|Any CPU
		{36696169-4F03-4488-81A9-2B9ED26B364F}.Release|Any CPU.Build.0 = Release|Any CPU
		{90482665-F6AA-4352-B074-12C75B8A2D4A}.Debug|Any CPU.ActiveCfg = Debug|Any CPU
		{90482665-F6AA-4352-B074-12C75B8A2D4A}.Debug|Any CPU.Build.0 = Debug|Any CPU
		{90482665-F6AA-4352-B074-12C75B8A2D4A}.Release|Any CPU.ActiveCfg = Release|Any CPU
		{90482665-F6AA-4352-B074-12C75B8A2D4A}.Release|Any CPU.Build.0 = Release|Any CPU
	EndGlobalSection
EndGlobal
